
Microsoft Visual Studio Solution File, Format Version 12.00
# Visual Studio Version 17
VisualStudioVersion = 17.0.31903.59
MinimumVisualStudioVersion = 10.0.40219.1
Project("{2150E333-8FDC-42A3-9474-1A3956D46DE8}") = "src", "src", "{2F9F7C75-FC67-4ADB-9F8B-BB4B86756576}"
EndProject
Project("{FAE04EC0-301F-11D3-BF4B-00C04F79EFBC}") = "Property.API", "src\Property.API\Property.API.csproj", "{0CA8FD87-1EF4-4092-83AA-C1380B13EC1C}"
EndProject
Project("{2150E333-8FDC-42A3-9474-1A3956D46DE8}") = "tests", "tests", "{1FCC94ED-F84F-4FC9-87BF-8D70199514CC}"
EndProject
Project("{FAE04EC0-301F-11D3-BF4B-00C04F79EFBC}") = "Property.API.Tests", "tests\Property.API.Tests\Property.API.Tests.csproj", "{430DFF15-784A-421C-925D-68AA54E5216D}"
EndProject
Global
	GlobalSection(SolutionConfigurationPlatforms) = preSolution
		Debug|Any CPU = Debug|Any CPU
		Release|Any CPU = Release|Any CPU
	EndGlobalSection
	GlobalSection(SolutionProperties) = preSolution
		HideSolutionNode = FALSE
	EndGlobalSection
	GlobalSection(ProjectConfigurationPlatforms) = postSolution
		{0CA8FD87-1EF4-4092-83AA-C1380B13EC1C}.Debug|Any CPU.ActiveCfg = Debug|Any CPU
		{0CA8FD87-1EF4-4092-83AA-C1380B13EC1C}.Debug|Any CPU.Build.0 = Debug|Any CPU
		{0CA8FD87-1EF4-4092-83AA-C1380B13EC1C}.Release|Any CPU.ActiveCfg = Release|Any CPU
		{0CA8FD87-1EF4-4092-83AA-C1380B13EC1C}.Release|Any CPU.Build.0 = Release|Any CPU
		{430DFF15-784A-421C-925D-68AA54E5216D}.Debug|Any CPU.ActiveCfg = Debug|Any CPU
		{430DFF15-784A-421C-925D-68AA54E5216D}.Debug|Any CPU.Build.0 = Debug|Any CPU
		{430DFF15-784A-421C-925D-68AA54E5216D}.Release|Any CPU.ActiveCfg = Release|Any CPU
		{430DFF15-784A-421C-925D-68AA54E5216D}.Release|Any CPU.Build.0 = Release|Any CPU
	EndGlobalSection
	GlobalSection(NestedProjects) = preSolution
		{0CA8FD87-1EF4-4092-83AA-C1380B13EC1C} = {2F9F7C75-FC67-4ADB-9F8B-BB4B86756576}
		{430DFF15-784A-421C-925D-68AA54E5216D} = {1FCC94ED-F84F-4FC9-87BF-8D70199514CC}
	EndGlobalSection
EndGlobal
